
Microsoft Visual Studio Solution File, Format Version 12.00
# Visual Studio Version 17
VisualStudioVersion = 17.1.32421.90
MinimumVisualStudioVersion = 10.0.40219.1
Project("{FAE04EC0-301F-11D3-BF4B-00C04F79EFBC}") = "9020", "9020\9020.csproj", "{F4B64327-C7E6-4728-A63A-4DDC15C04ED1}"
EndProject
Global
	GlobalSection(SolutionConfigurationPlatforms) = preSolution
		Debug|Any CPU = Debug|Any CPU
		Release|Any CPU = Release|Any CPU
	EndGlobalSection
	GlobalSection(ProjectConfigurationPlatforms) = postSolution
		{F4B64327-C7E6-4728-A63A-4DDC15C04ED1}.Debug|Any CPU.ActiveCfg = Debug|Any CPU
		{F4B64327-C7E6-4728-A63A-4DDC15C04ED1}.Debug|Any CPU.Build.0 = Debug|Any CPU
		{F4B64327-C7E6-4728-A63A-4DDC15C04ED1}.Release|Any CPU.ActiveCfg = Release|Any CPU
		{F4B64327-C7E6-4728-A63A-4DDC15C04ED1}.Release|Any CPU.Build.0 = Release|Any CPU
	EndGlobalSection
	GlobalSection(SolutionProperties) = preSolution
		HideSolutionNode = FALSE
	EndGlobalSection
	GlobalSection(ExtensibilityGlobals) = postSolution
		SolutionGuid = {9CCF9806-80BA-4674-AD53-ECD27602CAFC}
	EndGlobalSection
EndGlobal
